// !$*UTF8*$!
{
	archiveVersion = 1;
	classes = {
	};
	objectVersion = 77;
	objects = {

/* Begin PBXContainerItemProxy section */
		D07FB7942CC33AEC0097E37C /* PBXContainerItemProxy */ = {
			isa = PBXContainerItemProxy;
			containerPortal = D07FB77B2CC33AE90097E37C /* Project object */;
			proxyType = 1;
			remoteGlobalIDString = D07FB7822CC33AE90097E37C;
			remoteInfo = "iOS Hackathon 2024";
		};
		D07FB79E2CC33AEC0097E37C /* PBXContainerItemProxy */ = {
			isa = PBXContainerItemProxy;
			containerPortal = D07FB77B2CC33AE90097E37C /* Project object */;
			proxyType = 1;
			remoteGlobalIDString = D07FB7822CC33AE90097E37C;
			remoteInfo = "iOS Hackathon 2024";
		};
/* End PBXContainerItemProxy section */

/* Begin PBXFileReference section */
		D07FB7832CC33AE90097E37C /* iOS Hackathon 2024.app */ = {isa = PBXFileReference; explicitFileType = wrapper.application; includeInIndex = 0; path = "iOS Hackathon 2024.app"; sourceTree = BUILT_PRODUCTS_DIR; };
		D07FB7932CC33AEC0097E37C /* iOS Hackathon 2024Tests.xctest */ = {isa = PBXFileReference; explicitFileType = wrapper.cfbundle; includeInIndex = 0; path = "iOS Hackathon 2024Tests.xctest"; sourceTree = BUILT_PRODUCTS_DIR; };
		D07FB79D2CC33AEC0097E37C /* iOS Hackathon 2024UITests.xctest */ = {isa = PBXFileReference; explicitFileType = wrapper.cfbundle; includeInIndex = 0; path = "iOS Hackathon 2024UITests.xctest"; sourceTree = BUILT_PRODUCTS_DIR; };
/* End PBXFileReference section */

/* Begin PBXFileSystemSynchronizedBuildFileExceptionSet section */
		D0E1BAC32CC488D50064A5D6 /* Exceptions for "iOS Hackathon 2024" folder in "iOS Hackathon 2024" target */ = {
			isa = PBXFileSystemSynchronizedBuildFileExceptionSet;
			membershipExceptions = (
				EndPage.swift,
				Model.swift,
				MoodTrend.swift,
				Question_2.swift,
				Question1.swift,
				Question2.swift,
				test.swift,
				ViewModel.swift,
			);
			target = D07FB7822CC33AE90097E37C /* iOS Hackathon 2024 */;
		};
/* End PBXFileSystemSynchronizedBuildFileExceptionSet section */

/* Begin PBXFileSystemSynchronizedRootGroup section */
		D07FB7852CC33AE90097E37C /* iOS Hackathon 2024 */ = {
			isa = PBXFileSystemSynchronizedRootGroup;
			exceptions = (
				D0E1BAC32CC488D50064A5D6 /* Exceptions for "iOS Hackathon 2024" folder in "iOS Hackathon 2024" target */,
			);
			path = "iOS Hackathon 2024";
			sourceTree = "<group>";
		};
		D07FB7962CC33AEC0097E37C /* iOS Hackathon 2024Tests */ = {
			isa = PBXFileSystemSynchronizedRootGroup;
			path = "iOS Hackathon 2024Tests";
			sourceTree = "<group>";
		};
		D07FB7A02CC33AEC0097E37C /* iOS Hackathon 2024UITests */ = {
			isa = PBXFileSystemSynchronizedRootGroup;
			path = "iOS Hackathon 2024UITests";
			sourceTree = "<group>";
		};
/* End PBXFileSystemSynchronizedRootGroup section */

/* Begin PBXFrameworksBuildPhase section */
		D07FB7802CC33AE90097E37C /* Frameworks */ = {
			isa = PBXFrameworksBuildPhase;
			buildActionMask = 2147483647;
			files = (
			);
			runOnlyForDeploymentPostprocessing = 0;
		};
		D07FB7902CC33AEC0097E37C /* Frameworks */ = {
			isa = PBXFrameworksBuildPhase;
			buildActionMask = 2147483647;
			files = (
			);
			runOnlyForDeploymentPostprocessing = 0;
		};
		D07FB79A2CC33AEC0097E37C /* Frameworks */ = {
			isa = PBXFrameworksBuildPhase;
			buildActionMask = 2147483647;
			files = (
			);
			runOnlyForDeploymentPostprocessing = 0;
		};
/* End PBXFrameworksBuildPhase section */

/* Begin PBXGroup section */
		D07FB77A2CC33AE90097E37C = {
			isa = PBXGroup;
			children = (
				D07FB7852CC33AE90097E37C /* iOS Hackathon 2024 */,
				D07FB7962CC33AEC0097E37C /* iOS Hackathon 2024Tests */,
				D07FB7A02CC33AEC0097E37C /* iOS Hackathon 2024UITests */,
				D07FB7842CC33AE90097E37C /* Products */,
			);
			sourceTree = "<group>";
		};
		D07FB7842CC33AE90097E37C /* Products */ = {
			isa = PBXGroup;
			children = (
				D07FB7832CC33AE90097E37C /* iOS Hackathon 2024.app */,
				D07FB7932CC33AEC0097E37C /* iOS Hackathon 2024Tests.xctest */,
				D07FB79D2CC33AEC0097E37C /* iOS Hackathon 2024UITests.xctest */,
			);
			name = Products;
			sourceTree = "<group>";
		};
/* End PBXGroup section */

/* Begin PBXNativeTarget section */
		D07FB7822CC33AE90097E37C /* iOS Hackathon 2024 */ = {
			isa = PBXNativeTarget;
			buildConfigurationList = D07FB7A72CC33AEC0097E37C /* Build configuration list for PBXNativeTarget "iOS Hackathon 2024" */;
			buildPhases = (
				D07FB77F2CC33AE90097E37C /* Sources */,
				D07FB7802CC33AE90097E37C /* Frameworks */,
			);
			buildRules = (
			);
			dependencies = (
			);
			fileSystemSynchronizedGroups = (
				D07FB7852CC33AE90097E37C /* iOS Hackathon 2024 */,
			);
			name = "iOS Hackathon 2024";
			packageProductDependencies = (
			);
			productName = "iOS Hackathon 2024";
			productReference = D07FB7832CC33AE90097E37C /* iOS Hackathon 2024.app */;
			productType = "com.apple.product-type.application";
		};
		D07FB7922CC33AEC0097E37C /* iOS Hackathon 2024Tests */ = {
			isa = PBXNativeTarget;
			buildConfigurationList = D07FB7AA2CC33AEC0097E37C /* Build configuration list for PBXNativeTarget "iOS Hackathon 2024Tests" */;
			buildPhases = (
				D07FB78F2CC33AEC0097E37C /* Sources */,
				D07FB7902CC33AEC0097E37C /* Frameworks */,
				D07FB7912CC33AEC0097E37C /* Resources */,
			);
			buildRules = (
			);
			dependencies = (
				D07FB7952CC33AEC0097E37C /* PBXTargetDependency */,
			);
			fileSystemSynchronizedGroups = (
				D07FB7962CC33AEC0097E37C /* iOS Hackathon 2024Tests */,
			);
			name = "iOS Hackathon 2024Tests";
			packageProductDependencies = (
			);
			productName = "iOS Hackathon 2024Tests";
			productReference = D07FB7932CC33AEC0097E37C /* iOS Hackathon 2024Tests.xctest */;
			productType = "com.apple.product-type.bundle.unit-test";
		};
		D07FB79C2CC33AEC0097E37C /* iOS Hackathon 2024UITests */ = {
			isa = PBXNativeTarget;
			buildConfigurationList = D07FB7AD2CC33AEC0097E37C /* Build configuration list for PBXNativeTarget "iOS Hackathon 2024UITests" */;
			buildPhases = (
				D07FB7992CC33AEC0097E37C /* Sources */,
				D07FB79A2CC33AEC0097E37C /* Frameworks */,
				D07FB79B2CC33AEC0097E37C /* Resources */,
			);
			buildRules = (
			);
			dependencies = (
				D07FB79F2CC33AEC0097E37C /* PBXTargetDependency */,
			);
			fileSystemSynchronizedGroups = (
				D07FB7A02CC33AEC0097E37C /* iOS Hackathon 2024UITests */,
			);
			name = "iOS Hackathon 2024UITests";
			packageProductDependencies = (
			);
			productName = "iOS Hackathon 2024UITests";
			productReference = D07FB79D2CC33AEC0097E37C /* iOS Hackathon 2024UITests.xctest */;
			productType = "com.apple.product-type.bundle.ui-testing";
		};
/* End PBXNativeTarget section */

/* Begin PBXProject section */
		D07FB77B2CC33AE90097E37C /* Project object */ = {
			isa = PBXProject;
			attributes = {
				BuildIndependentTargetsInParallel = 1;
				LastSwiftUpdateCheck = 1600;
				LastUpgradeCheck = 1600;
				TargetAttributes = {
					D07FB7822CC33AE90097E37C = {
						CreatedOnToolsVersion = 16.0;
					};
					D07FB7922CC33AEC0097E37C = {
						CreatedOnToolsVersion = 16.0;
						TestTargetID = D07FB7822CC33AE90097E37C;
					};
					D07FB79C2CC33AEC0097E37C = {
						CreatedOnToolsVersion = 16.0;
						TestTargetID = D07FB7822CC33AE90097E37C;
					};
				};
			};
			buildConfigurationList = D07FB77E2CC33AE90097E37C /* Build configuration list for PBXProject "iOS Hackathon 2024" */;
			developmentRegion = en;
			hasScannedForEncodings = 0;
			knownRegions = (
				en,
				Base,
			);
			mainGroup = D07FB77A2CC33AE90097E37C;
			minimizedProjectReferenceProxies = 1;
			preferredProjectObjectVersion = 77;
			productRefGroup = D07FB7842CC33AE90097E37C /* Products */;
			projectDirPath = "";
			projectRoot = "";
			targets = (
				D07FB7822CC33AE90097E37C /* iOS Hackathon 2024 */,
				D07FB7922CC33AEC0097E37C /* iOS Hackathon 2024Tests */,
				D07FB79C2CC33AEC0097E37C /* iOS Hackathon 2024UITests */,
			);
		};
/* End PBXProject section */

/* Begin PBXResourcesBuildPhase section */
		D07FB7912CC33AEC0097E37C /* Resources */ = {
			isa = PBXResourcesBuildPhase;
			buildActionMask = 2147483647;
			files = (
			);
			runOnlyForDeploymentPostprocessing = 0;
		};
		D07FB79B2CC33AEC0097E37C /* Resources */ = {
			isa = PBXResourcesBuildPhase;
			buildActionMask = 2147483647;
			files = (
			);
			runOnlyForDeploymentPostprocessing = 0;
		};
/* End PBXResourcesBuildPhase section */

/* Begin PBXSourcesBuildPhase section */
		D07FB77F2CC33AE90097E37C /* Sources */ = {
			isa = PBXSourcesBuildPhase;
			buildActionMask = 2147483647;
			files = (
			);
			runOnlyForDeploymentPostprocessing = 0;
		};
		D07FB78F2CC33AEC0097E37C /* Sources */ = {
			isa = PBXSourcesBuildPhase;
			buildActionMask = 2147483647;
			files = (
			);
			runOnlyForDeploymentPostprocessing = 0;
		};
		D07FB7992CC33AEC0097E37C /* Sources */ = {
			isa = PBXSourcesBuildPhase;
			buildActionMask = 2147483647;
			files = (
			);
			runOnlyForDeploymentPostprocessing = 0;
		};
/* End PBXSourcesBuildPhase section */

/* Begin PBXTargetDependency section */
		D07FB7952CC33AEC0097E37C /* PBXTargetDependency */ = {
			isa = PBXTargetDependency;
			target = D07FB7822CC33AE90097E37C /* iOS Hackathon 2024 */;
			targetProxy = D07FB7942CC33AEC0097E37C /* PBXContainerItemProxy */;
		};
		D07FB79F2CC33AEC0097E37C /* PBXTargetDependency */ = {
			isa = PBXTargetDependency;
			target = D07FB7822CC33AE90097E37C /* iOS Hackathon 2024 */;
			targetProxy = D07FB79E2CC33AEC0097E37C /* PBXContainerItemProxy */;
		};
/* End PBXTargetDependency section */

/* Begin XCBuildConfiguration section */
		D07FB7A52CC33AEC0097E37C /* Debug */ = {
			isa = XCBuildConfiguration;
			buildSettings = {
				ALWAYS_SEARCH_USER_PATHS = NO;
				ASSETCATALOG_COMPILER_GENERATE_SWIFT_ASSET_SYMBOL_EXTENSIONS = YES;
				CLANG_ANALYZER_NONNULL = YES;
				CLANG_ANALYZER_NUMBER_OBJECT_CONVERSION = YES_AGGRESSIVE;
				CLANG_CXX_LANGUAGE_STANDARD = "gnu++20";
				CLANG_ENABLE_MODULES = YES;
				CLANG_ENABLE_OBJC_ARC = YES;
				CLANG_ENABLE_OBJC_WEAK = YES;
				CLANG_WARN_BLOCK_CAPTURE_AUTORELEASING = YES;
				CLANG_WARN_BOOL_CONVERSION = YES;
				CLANG_WARN_COMMA = YES;
				CLANG_WARN_CONSTANT_CONVERSION = YES;
				CLANG_WARN_DEPRECATED_OBJC_IMPLEMENTATIONS = YES;
				CLANG_WARN_DIRECT_OBJC_ISA_USAGE = YES_ERROR;
				CLANG_WARN_DOCUMENTATION_COMMENTS = YES;
				CLANG_WARN_EMPTY_BODY = YES;
				CLANG_WARN_ENUM_CONVERSION = YES;
				CLANG_WARN_INFINITE_RECURSION = YES;
				CLANG_WARN_INT_CONVERSION = YES;
				CLANG_WARN_NON_LITERAL_NULL_CONVERSION = YES;
				CLANG_WARN_OBJC_IMPLICIT_RETAIN_SELF = YES;
				CLANG_WARN_OBJC_LITERAL_CONVERSION = YES;
				CLANG_WARN_OBJC_ROOT_CLASS = YES_ERROR;
				CLANG_WARN_QUOTED_INCLUDE_IN_FRAMEWORK_HEADER = YES;
				CLANG_WARN_RANGE_LOOP_ANALYSIS = YES;
				CLANG_WARN_STRICT_PROTOTYPES = YES;
				CLANG_WARN_SUSPICIOUS_MOVE = YES;
				CLANG_WARN_UNGUARDED_AVAILABILITY = YES_AGGRESSIVE;
				CLANG_WARN_UNREACHABLE_CODE = YES;
				CLANG_WARN__DUPLICATE_METHOD_MATCH = YES;
				COPY_PHASE_STRIP = NO;
				DEBUG_INFORMATION_FORMAT = dwarf;
				ENABLE_STRICT_OBJC_MSGSEND = YES;
				ENABLE_TESTABILITY = YES;
				ENABLE_USER_SCRIPT_SANDBOXING = YES;
				GCC_C_LANGUAGE_STANDARD = gnu17;
				GCC_DYNAMIC_NO_PIC = NO;
				GCC_NO_COMMON_BLOCKS = YES;
				GCC_OPTIMIZATION_LEVEL = 0;
				GCC_PREPROCESSOR_DEFINITIONS = (
					"DEBUG=1",
					"$(inherited)",
				);
				GCC_WARN_64_TO_32_BIT_CONVERSION = YES;
				GCC_WARN_ABOUT_RETURN_TYPE = YES_ERROR;
				GCC_WARN_UNDECLARED_SELECTOR = YES;
				GCC_WARN_UNINITIALIZED_AUTOS = YES_AGGRESSIVE;
				GCC_WARN_UNUSED_FUNCTION = YES;
				GCC_WARN_UNUSED_VARIABLE = YES;
				IPHONEOS_DEPLOYMENT_TARGET = 18.0;
				LOCALIZATION_PREFERS_STRING_CATALOGS = YES;
				MTL_ENABLE_DEBUG_INFO = INCLUDE_SOURCE;
				MTL_FAST_MATH = YES;
				ONLY_ACTIVE_ARCH = YES;
				SDKROOT = iphoneos;
				SWIFT_ACTIVE_COMPILATION_CONDITIONS = "DEBUG $(inherited)";
				SWIFT_OPTIMIZATION_LEVEL = "-Onone";
			};
			name = Debug;
		};
		D07FB7A62CC33AEC0097E37C /* Release */ = {
			isa = XCBuildConfiguration;
			buildSettings = {
				ALWAYS_SEARCH_USER_PATHS = NO;
				ASSETCATALOG_COMPILER_GENERATE_SWIFT_ASSET_SYMBOL_EXTENSIONS = YES;
				CLANG_ANALYZER_NONNULL = YES;
				CLANG_ANALYZER_NUMBER_OBJECT_CONVERSION = YES_AGGRESSIVE;
				CLANG_CXX_LANGUAGE_STANDARD = "gnu++20";
				CLANG_ENABLE_MODULES = YES;
				CLANG_ENABLE_OBJC_ARC = YES;
				CLANG_ENABLE_OBJC_WEAK = YES;
				CLANG_WARN_BLOCK_CAPTURE_AUTORELEASING = YES;
				CLANG_WARN_BOOL_CONVERSION = YES;
				CLANG_WARN_COMMA = YES;
				CLANG_WARN_CONSTANT_CONVERSION = YES;
				CLANG_WARN_DEPRECATED_OBJC_IMPLEMENTATIONS = YES;
				CLANG_WARN_DIRECT_OBJC_ISA_USAGE = YES_ERROR;
				CLANG_WARN_DOCUMENTATION_COMMENTS = YES;
				CLANG_WARN_EMPTY_BODY = YES;
				CLANG_WARN_ENUM_CONVERSION = YES;
				CLANG_WARN_INFINITE_RECURSION = YES;
				CLANG_WARN_INT_CONVERSION = YES;
				CLANG_WARN_NON_LITERAL_NULL_CONVERSION = YES;
				CLANG_WARN_OBJC_IMPLICIT_RETAIN_SELF = YES;
				CLANG_WARN_OBJC_LITERAL_CONVERSION = YES;
				CLANG_WARN_OBJC_ROOT_CLASS = YES_ERROR;
				CLANG_WARN_QUOTED_INCLUDE_IN_FRAMEWORK_HEADER = YES;
				CLANG_WARN_RANGE_LOOP_ANALYSIS = YES;
				CLANG_WARN_STRICT_PROTOTYPES = YES;
				CLANG_WARN_SUSPICIOUS_MOVE = YES;
				CLANG_WARN_UNGUARDED_AVAILABILITY = YES_AGGRESSIVE;
				CLANG_WARN_UNREACHABLE_CODE = YES;
				CLANG_WARN__DUPLICATE_METHOD_MATCH = YES;
				COPY_PHASE_STRIP = NO;
				DEBUG_INFORMATION_FORMAT = "dwarf-with-dsym";
				ENABLE_NS_ASSERTIONS = NO;
				ENABLE_STRICT_OBJC_MSGSEND = YES;
				ENABLE_USER_SCRIPT_SANDBOXING = YES;
				GCC_C_LANGUAGE_STANDARD = gnu17;
				GCC_NO_COMMON_BLOCKS = YES;
				GCC_WARN_64_TO_32_BIT_CONVERSION = YES;
				GCC_WARN_ABOUT_RETURN_TYPE = YES_ERROR;
				GCC_WARN_UNDECLARED_SELECTOR = YES;
				GCC_WARN_UNINITIALIZED_AUTOS = YES_AGGRESSIVE;
				GCC_WARN_UNUSED_FUNCTION = YES;
				GCC_WARN_UNUSED_VARIABLE = YES;
				IPHONEOS_DEPLOYMENT_TARGET = 18.0;
				LOCALIZATION_PREFERS_STRING_CATALOGS = YES;
				MTL_ENABLE_DEBUG_INFO = NO;
				MTL_FAST_MATH = YES;
				SDKROOT = iphoneos;
				SWIFT_COMPILATION_MODE = wholemodule;
				VALIDATE_PRODUCT = YES;
			};
			name = Release;
		};
		D07FB7A82CC33AEC0097E37C /* Debug */ = {
			isa = XCBuildConfiguration;
			buildSettings = {
				ASSETCATALOG_COMPILER_APPICON_NAME = AppIcon;
				ASSETCATALOG_COMPILER_GLOBAL_ACCENT_COLOR_NAME = AccentColor;
				CODE_SIGN_STYLE = Automatic;
				CURRENT_PROJECT_VERSION = 1;
				DEVELOPMENT_ASSET_PATHS = "\"iOS Hackathon 2024/Preview Content\"";
				ENABLE_PREVIEWS = YES;
				GENERATE_INFOPLIST_FILE = YES;
				INFOPLIST_KEY_UIApplicationSceneManifest_Generation = YES;
				INFOPLIST_KEY_UIApplicationSupportsIndirectInputEvents = YES;
				INFOPLIST_KEY_UILaunchScreen_Generation = YES;
				INFOPLIST_KEY_UISupportedInterfaceOrientations_iPad = "UIInterfaceOrientationPortrait UIInterfaceOrientationPortraitUpsideDown UIInterfaceOrientationLandscapeLeft UIInterfaceOrientationLandscapeRight";
				INFOPLIST_KEY_UISupportedInterfaceOrientations_iPhone = "UIInterfaceOrientationPortrait UIInterfaceOrientationLandscapeLeft UIInterfaceOrientationLandscapeRight";
				LD_RUNPATH_SEARCH_PATHS = (
					"$(inherited)",
					"@executable_path/Frameworks",
				);
				MARKETING_VERSION = 1.0;
				PRODUCT_BUNDLE_IDENTIFIER = "com.test.org.iOS-Hackathon-2024";
				PRODUCT_NAME = "$(TARGET_NAME)";
				SWIFT_EMIT_LOC_STRINGS = YES;
				SWIFT_VERSION = 5.0;
				TARGETED_DEVICE_FAMILY = "1,2";
			};
			name = Debug;
		};
		D07FB7A92CC33AEC0097E37C /* Release */ = {
			isa = XCBuildConfiguration;
			buildSettings = {
				ASSETCATALOG_COMPILER_APPICON_NAME = AppIcon;
				ASSETCATALOG_COMPILER_GLOBAL_ACCENT_COLOR_NAME = AccentColor;
				CODE_SIGN_STYLE = Automatic;
				CURRENT_PROJECT_VERSION = 1;
				DEVELOPMENT_ASSET_PATHS = "\"iOS Hackathon 2024/Preview Content\"";
				ENABLE_PREVIEWS = YES;
				GENERATE_INFOPLIST_FILE = YES;
				INFOPLIST_KEY_UIApplicationSceneManifest_Generation = YES;
				INFOPLIST_KEY_UIApplicationSupportsIndirectInputEvents = YES;
				INFOPLIST_KEY_UILaunchScreen_Generation = YES;
				INFOPLIST_KEY_UISupportedInterfaceOrientations_iPad = "UIInterfaceOrientationPortrait UIInterfaceOrientationPortraitUpsideDown UIInterfaceOrientationLandscapeLeft UIInterfaceOrientationLandscapeRight";
				INFOPLIST_KEY_UISupportedInterfaceOrientations_iPhone = "UIInterfaceOrientationPortrait UIInterfaceOrientationLandscapeLeft UIInterfaceOrientationLandscapeRight";
				LD_RUNPATH_SEARCH_PATHS = (
					"$(inherited)",
					"@executable_path/Frameworks",
				);
				MARKETING_VERSION = 1.0;
				PRODUCT_BUNDLE_IDENTIFIER = "com.test.org.iOS-Hackathon-2024";
				PRODUCT_NAME = "$(TARGET_NAME)";
				SWIFT_EMIT_LOC_STRINGS = YES;
				SWIFT_VERSION = 5.0;
				TARGETED_DEVICE_FAMILY = "1,2";
			};
			name = Release;
		};
		D07FB7AB2CC33AEC0097E37C /* Debug */ = {
			isa = XCBuildConfiguration;
			buildSettings = {
				BUNDLE_LOADER = "$(TEST_HOST)";
				CODE_SIGN_STYLE = Automatic;
				CURRENT_PROJECT_VERSION = 1;
				GENERATE_INFOPLIST_FILE = YES;
				IPHONEOS_DEPLOYMENT_TARGET = 18.0;
				MARKETING_VERSION = 1.0;
				PRODUCT_BUNDLE_IDENTIFIER = "com.test.org.iOS-Hackathon-2024Tests";
				PRODUCT_NAME = "$(TARGET_NAME)";
				SWIFT_EMIT_LOC_STRINGS = NO;
				SWIFT_VERSION = 5.0;
				TARGETED_DEVICE_FAMILY = "1,2";
				TEST_HOST = "$(BUILT_PRODUCTS_DIR)/iOS Hackathon 2024.app/$(BUNDLE_EXECUTABLE_FOLDER_PATH)/iOS Hackathon 2024";
			};
			name = Debug;
		};
		D07FB7AC2CC33AEC0097E37C /* Release */ = {
			isa = XCBuildConfiguration;
			buildSettings = {
				BUNDLE_LOADER = "$(TEST_HOST)";
				CODE_SIGN_STYLE = Automatic;
				CURRENT_PROJECT_VERSION = 1;
				GENERATE_INFOPLIST_FILE = YES;
				IPHONEOS_DEPLOYMENT_TARGET = 18.0;
				MARKETING_VERSION = 1.0;
				PRODUCT_BUNDLE_IDENTIFIER = "com.test.org.iOS-Hackathon-2024Tests";
				PRODUCT_NAME = "$(TARGET_NAME)";
				SWIFT_EMIT_LOC_STRINGS = NO;
				SWIFT_VERSION = 5.0;
				TARGETED_DEVICE_FAMILY = "1,2";
				TEST_HOST = "$(BUILT_PRODUCTS_DIR)/iOS Hackathon 2024.app/$(BUNDLE_EXECUTABLE_FOLDER_PATH)/iOS Hackathon 2024";
			};
			name = Release;
		};
		D07FB7AE2CC33AEC0097E37C /* Debug */ = {
			isa = XCBuildConfiguration;
			buildSettings = {
				CODE_SIGN_STYLE = Automatic;
				CURRENT_PROJECT_VERSION = 1;
				GENERATE_INFOPLIST_FILE = YES;
				MARKETING_VERSION = 1.0;
				PRODUCT_BUNDLE_IDENTIFIER = "com.test.org.iOS-Hackathon-2024UITests";
				PRODUCT_NAME = "$(TARGET_NAME)";
				SWIFT_EMIT_LOC_STRINGS = NO;
				SWIFT_VERSION = 5.0;
				TARGETED_DEVICE_FAMILY = "1,2";
				TEST_TARGET_NAME = "iOS Hackathon 2024";
			};
			name = Debug;
		};
		D07FB7AF2CC33AEC0097E37C /* Release */ = {
			isa = XCBuildConfiguration;
			buildSettings = {
				CODE_SIGN_STYLE = Automatic;
				CURRENT_PROJECT_VERSION = 1;
				GENERATE_INFOPLIST_FILE = YES;
				MARKETING_VERSION = 1.0;
				PRODUCT_BUNDLE_IDENTIFIER = "com.test.org.iOS-Hackathon-2024UITests";
				PRODUCT_NAME = "$(TARGET_NAME)";
				SWIFT_EMIT_LOC_STRINGS = NO;
				SWIFT_VERSION = 5.0;
				TARGETED_DEVICE_FAMILY = "1,2";
				TEST_TARGET_NAME = "iOS Hackathon 2024";
			};
			name = Release;
		};
/* End XCBuildConfiguration section */

/* Begin XCConfigurationList section */
		D07FB77E2CC33AE90097E37C /* Build configuration list for PBXProject "iOS Hackathon 2024" */ = {
			isa = XCConfigurationList;
			buildConfigurations = (
				D07FB7A52CC33AEC0097E37C /* Debug */,
				D07FB7A62CC33AEC0097E37C /* Release */,
			);
			defaultConfigurationIsVisible = 0;
			defaultConfigurationName = Release;
		};
		D07FB7A72CC33AEC0097E37C /* Build configuration list for PBXNativeTarget "iOS Hackathon 2024" */ = {
			isa = XCConfigurationList;
			buildConfigurations = (
				D07FB7A82CC33AEC0097E37C /* Debug */,
				D07FB7A92CC33AEC0097E37C /* Release */,
			);
			defaultConfigurationIsVisible = 0;
			defaultConfigurationName = Release;
		};
		D07FB7AA2CC33AEC0097E37C /* Build configuration list for PBXNativeTarget "iOS Hackathon 2024Tests" */ = {
			isa = XCConfigurationList;
			buildConfigurations = (
				D07FB7AB2CC33AEC0097E37C /* Debug */,
				D07FB7AC2CC33AEC0097E37C /* Release */,
			);
			defaultConfigurationIsVisible = 0;
			defaultConfigurationName = Release;
		};
		D07FB7AD2CC33AEC0097E37C /* Build configuration list for PBXNativeTarget "iOS Hackathon 2024UITests" */ = {
			isa = XCConfigurationList;
			buildConfigurations = (
				D07FB7AE2CC33AEC0097E37C /* Debug */,
				D07FB7AF2CC33AEC0097E37C /* Release */,
			);
			defaultConfigurationIsVisible = 0;
			defaultConfigurationName = Release;
		};
/* End XCConfigurationList section */
	};
	rootObject = D07FB77B2CC33AE90097E37C /* Project object */;
}
